
Microsoft Visual Studio Solution File, Format Version 12.00
# Visual Studio Version 17
VisualStudioVersion = 17.10.35027.167
MinimumVisualStudioVersion = 10.0.40219.1
Project("{FAE04EC0-301F-11D3-BF4B-00C04F79EFBC}") = "Deferred Excution", "Excution\Deferred Excution.csproj", "{771B3D5E-AF2F-4AD6-8C03-179F7DABBE0B}"
EndProject
Project("{FAE04EC0-301F-11D3-BF4B-00C04F79EFBC}") = "Immediate Execution", "Immediate Execution\Immediate Execution.csproj", "{A3F54DC0-C901-402E-9606-0951FF618BBA}"
EndProject
Global
	GlobalSection(SolutionConfigurationPlatforms) = preSolution
		Debug|Any CPU = Debug|Any CPU
		Release|Any CPU = Release|Any CPU
	EndGlobalSection
	GlobalSection(ProjectConfigurationPlatforms) = postSolution
		{771B3D5E-AF2F-4AD6-8C03-179F7DABBE0B}.Debug|Any CPU.ActiveCfg = Debug|Any CPU
		{771B3D5E-AF2F-4AD6-8C03-179F7DABBE0B}.Debug|Any CPU.Build.0 = Debug|Any CPU
		{771B3D5E-AF2F-4AD6-8C03-179F7DABBE0B}.Release|Any CPU.ActiveCfg = Release|Any CPU
		{771B3D5E-AF2F-4AD6-8C03-179F7DABBE0B}.Release|Any CPU.Build.0 = Release|Any CPU
		{A3F54DC0-C901-402E-9606-0951FF618BBA}.Debug|Any CPU.ActiveCfg = Debug|Any CPU
		{A3F54DC0-C901-402E-9606-0951FF618BBA}.Debug|Any CPU.Build.0 = Debug|Any CPU
		{A3F54DC0-C901-402E-9606-0951FF618BBA}.Release|Any CPU.ActiveCfg = Release|Any CPU
		{A3F54DC0-C901-402E-9606-0951FF618BBA}.Release|Any CPU.Build.0 = Release|Any CPU
	EndGlobalSection
	GlobalSection(SolutionProperties) = preSolution
		HideSolutionNode = FALSE
	EndGlobalSection
	GlobalSection(ExtensibilityGlobals) = postSolution
		SolutionGuid = {68631DA7-BEE5-4540-AA31-E42D90A54D09}
	EndGlobalSection
EndGlobal
